// !$*UTF8*$!
{
	archiveVersion = 1;
	classes = {
	};
	objectVersion = 46;
	objects = {

/* Begin PBXBuildFile section */
		764078421D188FBD00320DF6 /* AppDelegate.swift in Sources */ = {isa = PBXBuildFile; fileRef = 764078411D188FBD00320DF6 /* AppDelegate.swift */; };
		764078471D188FBD00320DF6 /* Main.storyboard in Resources */ = {isa = PBXBuildFile; fileRef = 764078451D188FBD00320DF6 /* Main.storyboard */; };
		764078491D188FBD00320DF6 /* Assets.xcassets in Resources */ = {isa = PBXBuildFile; fileRef = 764078481D188FBD00320DF6 /* Assets.xcassets */; };
		7640784C1D188FBD00320DF6 /* LaunchScreen.storyboard in Resources */ = {isa = PBXBuildFile; fileRef = 7640784A1D188FBD00320DF6 /* LaunchScreen.storyboard */; };
		764078541D1D680A00320DF6 /* SpeechWithAVFoundationViewController.swift in Sources */ = {isa = PBXBuildFile; fileRef = 764078531D1D680A00320DF6 /* SpeechWithAVFoundationViewController.swift */; };
		764078591D1EEE6600320DF6 /* SpeechWithAVAudioEngineViewController.swift in Sources */ = {isa = PBXBuildFile; fileRef = 764078581D1EEE6600320DF6 /* SpeechWithAVAudioEngineViewController.swift */; };
/* End PBXBuildFile section */

/* Begin PBXFileReference section */
		7640783E1D188FBD00320DF6 /* SpeechTest.app */ = {isa = PBXFileReference; explicitFileType = wrapper.application; includeInIndex = 0; path = SpeechTest.app; sourceTree = BUILT_PRODUCTS_DIR; };
		764078411D188FBD00320DF6 /* AppDelegate.swift */ = {isa = PBXFileReference; lastKnownFileType = sourcecode.swift; path = AppDelegate.swift; sourceTree = "<group>"; };
		764078461D188FBD00320DF6 /* Base */ = {isa = PBXFileReference; lastKnownFileType = file.storyboard; name = Base; path = Base.lproj/Main.storyboard; sourceTree = "<group>"; };
		764078481D188FBD00320DF6 /* Assets.xcassets */ = {isa = PBXFileReference; lastKnownFileType = folder.assetcatalog; path = Assets.xcassets; sourceTree = "<group>"; };
		7640784B1D188FBD00320DF6 /* Base */ = {isa = PBXFileReference; lastKnownFileType = file.storyboard; name = Base; path = Base.lproj/LaunchScreen.storyboard; sourceTree = "<group>"; };
		7640784D1D188FBD00320DF6 /* Info.plist */ = {isa = PBXFileReference; lastKnownFileType = text.plist.xml; path = Info.plist; sourceTree = "<group>"; };
		764078531D1D680A00320DF6 /* SpeechWithAVFoundationViewController.swift */ = {isa = PBXFileReference; fileEncoding = 4; lastKnownFileType = sourcecode.swift; path = SpeechWithAVFoundationViewController.swift; sourceTree = "<group>"; };
		764078581D1EEE6600320DF6 /* SpeechWithAVAudioEngineViewController.swift */ = {isa = PBXFileReference; fileEncoding = 4; lastKnownFileType = sourcecode.swift; path = SpeechWithAVAudioEngineViewController.swift; sourceTree = "<group>"; };
/* End PBXFileReference section */

/* Begin PBXFrameworksBuildPhase section */
		7640783B1D188FBD00320DF6 /* Frameworks */ = {
			isa = PBXFrameworksBuildPhase;
			buildActionMask = 2147483647;
			files = (
			);
			runOnlyForDeploymentPostprocessing = 0;
		};
/* End PBXFrameworksBuildPhase section */

/* Begin PBXGroup section */
		764078351D188FBD00320DF6 = {
			isa = PBXGroup;
			children = (
				764078401D188FBD00320DF6 /* SpeechTest */,
				7640783F1D188FBD00320DF6 /* Products */,
			);
			sourceTree = "<group>";
		};
		7640783F1D188FBD00320DF6 /* Products */ = {
			isa = PBXGroup;
			children = (
				7640783E1D188FBD00320DF6 /* SpeechTest.app */,
			);
			name = Products;
			sourceTree = "<group>";
		};
		764078401D188FBD00320DF6 /* SpeechTest */ = {
			isa = PBXGroup;
			children = (
				764078411D188FBD00320DF6 /* AppDelegate.swift */,
				764078571D1ED81000320DF6 /* View Controller */,
				764078451D188FBD00320DF6 /* Main.storyboard */,
				764078481D188FBD00320DF6 /* Assets.xcassets */,
				7640784A1D188FBD00320DF6 /* LaunchScreen.storyboard */,
				7640784D1D188FBD00320DF6 /* Info.plist */,
			);
			path = SpeechTest;
			sourceTree = "<group>";
		};
		764078571D1ED81000320DF6 /* View Controller */ = {
			isa = PBXGroup;
			children = (
				764078531D1D680A00320DF6 /* SpeechWithAVFoundationViewController.swift */,
				764078581D1EEE6600320DF6 /* SpeechWithAVAudioEngineViewController.swift */,
			);
			name = "View Controller";
			sourceTree = "<group>";
		};
/* End PBXGroup section */

/* Begin PBXNativeTarget section */
		7640783D1D188FBD00320DF6 /* SpeechTest */ = {
			isa = PBXNativeTarget;
			buildConfigurationList = 764078501D188FBD00320DF6 /* Build configuration list for PBXNativeTarget "SpeechTest" */;
			buildPhases = (
				7640783A1D188FBD00320DF6 /* Sources */,
				7640783B1D188FBD00320DF6 /* Frameworks */,
				7640783C1D188FBD00320DF6 /* Resources */,
			);
			buildRules = (
			);
			dependencies = (
			);
			name = SpeechTest;
			productName = SpeechTest;
			productReference = 7640783E1D188FBD00320DF6 /* SpeechTest.app */;
			productType = "com.apple.product-type.application";
		};
/* End PBXNativeTarget section */

/* Begin PBXProject section */
		764078361D188FBD00320DF6 /* Project object */ = {
			isa = PBXProject;
			attributes = {
				LastSwiftUpdateCheck = 0800;
				LastUpgradeCheck = 0800;
				ORGANIZATIONNAME = SushiGrass;
				TargetAttributes = {
					7640783D1D188FBD00320DF6 = {
						CreatedOnToolsVersion = 8.0;
						DevelopmentTeam = 8X4DYCSP4Z;
						DevelopmentTeamName = sushiGrass;
						ProvisioningStyle = Automatic;
					};
				};
			};
			buildConfigurationList = 764078391D188FBD00320DF6 /* Build configuration list for PBXProject "SpeechTest" */;
			compatibilityVersion = "Xcode 3.2";
			developmentRegion = English;
			hasScannedForEncodings = 0;
			knownRegions = (
				en,
				Base,
			);
			mainGroup = 764078351D188FBD00320DF6;
			productRefGroup = 7640783F1D188FBD00320DF6 /* Products */;
			projectDirPath = "";
			projectRoot = "";
			targets = (
				7640783D1D188FBD00320DF6 /* SpeechTest */,
			);
		};
/* End PBXProject section */

/* Begin PBXResourcesBuildPhase section */
		7640783C1D188FBD00320DF6 /* Resources */ = {
			isa = PBXResourcesBuildPhase;
			buildActionMask = 2147483647;
			files = (
				7640784C1D188FBD00320DF6 /* LaunchScreen.storyboard in Resources */,
				764078491D188FBD00320DF6 /* Assets.xcassets in Resources */,
				764078471D188FBD00320DF6 /* Main.storyboard in Resources */,
			);
			runOnlyForDeploymentPostprocessing = 0;
		};
/* End PBXResourcesBuildPhase section */

/* Begin PBXSourcesBuildPhase section */
		7640783A1D188FBD00320DF6 /* Sources */ = {
			isa = PBXSourcesBuildPhase;
			buildActionMask = 2147483647;
			files = (
				764078591D1EEE6600320DF6 /* SpeechWithAVAudioEngineViewController.swift in Sources */,
				764078541D1D680A00320DF6 /* SpeechWithAVFoundationViewController.swift in Sources */,
				764078421D188FBD00320DF6 /* AppDelegate.swift in Sources */,
			);
			runOnlyForDeploymentPostprocessing = 0;
		};
/* End PBXSourcesBuildPhase section */

/* Begin PBXVariantGroup section */
		764078451D188FBD00320DF6 /* Main.storyboard */ = {
			isa = PBXVariantGroup;
			children = (
				764078461D188FBD00320DF6 /* Base */,
			);
			name = Main.storyboard;
			sourceTree = "<group>";
		};
		7640784A1D188FBD00320DF6 /* LaunchScreen.storyboard */ = {
			isa = PBXVariantGroup;
			children = (
				7640784B1D188FBD00320DF6 /* Base */,
			);
			name = LaunchScreen.storyboard;
			sourceTree = "<group>";
		};
/* End PBXVariantGroup section */

/* Begin XCBuildConfiguration section */
		7640784E1D188FBD00320DF6 /* Debug */ = {
			isa = XCBuildConfiguration;
			buildSettings = {
				ALWAYS_SEARCH_USER_PATHS = NO;
				CLANG_ANALYZER_NONNULL = YES;
				CLANG_CXX_LANGUAGE_STANDARD = "gnu++0x";
				CLANG_CXX_LIBRARY = "libc++";
				CLANG_ENABLE_MODULES = YES;
				CLANG_ENABLE_OBJC_ARC = YES;
				CLANG_WARN_BOOL_CONVERSION = YES;
				CLANG_WARN_CONSTANT_CONVERSION = YES;
				CLANG_WARN_DIRECT_OBJC_ISA_USAGE = YES_ERROR;
				CLANG_WARN_DOCUMENTATION_COMMENTS = YES;
				CLANG_WARN_EMPTY_BODY = YES;
				CLANG_WARN_ENUM_CONVERSION = YES;
				CLANG_WARN_INT_CONVERSION = YES;
				CLANG_WARN_OBJC_ROOT_CLASS = YES_ERROR;
				CLANG_WARN_UNREACHABLE_CODE = YES;
				CLANG_WARN__DUPLICATE_METHOD_MATCH = YES;
				"CODE_SIGN_IDENTITY[sdk=iphoneos*]" = "iPhone Developer";
				COPY_PHASE_STRIP = NO;
				DEBUG_INFORMATION_FORMAT = dwarf;
				ENABLE_STRICT_OBJC_MSGSEND = YES;
				ENABLE_TESTABILITY = YES;
				GCC_C_LANGUAGE_STANDARD = gnu99;
				GCC_DYNAMIC_NO_PIC = NO;
				GCC_NO_COMMON_BLOCKS = YES;
				GCC_OPTIMIZATION_LEVEL = 0;
				GCC_PREPROCESSOR_DEFINITIONS = (
					"DEBUG=1",
					"$(inherited)",
				);
				GCC_WARN_64_TO_32_BIT_CONVERSION = YES;
				GCC_WARN_ABOUT_RETURN_TYPE = YES_ERROR;
				GCC_WARN_UNDECLARED_SELECTOR = YES;
				GCC_WARN_UNINITIALIZED_AUTOS = YES_AGGRESSIVE;
				GCC_WARN_UNUSED_FUNCTION = YES;
				GCC_WARN_UNUSED_VARIABLE = YES;
				IPHONEOS_DEPLOYMENT_TARGET = 10.0;
				MTL_ENABLE_DEBUG_INFO = YES;
				ONLY_ACTIVE_ARCH = YES;
				SDKROOT = iphoneos;
				SWIFT_ACTIVE_COMPILATION_CONDITIONS = DEBUG;
				SWIFT_OPTIMIZATION_LEVEL = "-Onone";
				TARGETED_DEVICE_FAMILY = "1,2";
			};
			name = Debug;
		};
		7640784F1D188FBD00320DF6 /* Release */ = {
			isa = XCBuildConfiguration;
			buildSettings = {
				ALWAYS_SEARCH_USER_PATHS = NO;
				CLANG_ANALYZER_NONNULL = YES;
				CLANG_CXX_LANGUAGE_STANDARD = "gnu++0x";
				CLANG_CXX_LIBRARY = "libc++";
				CLANG_ENABLE_MODULES = YES;
				CLANG_ENABLE_OBJC_ARC = YES;
				CLANG_WARN_BOOL_CONVERSION = YES;
				CLANG_WARN_CONSTANT_CONVERSION = YES;
				CLANG_WARN_DIRECT_OBJC_ISA_USAGE = YES_ERROR;
				CLANG_WARN_DOCUMENTATION_COMMENTS = YES;
				CLANG_WARN_EMPTY_BODY = YES;
				CLANG_WARN_ENUM_CONVERSION = YES;
				CLANG_WARN_INT_CONVERSION = YES;
				CLANG_WARN_OBJC_ROOT_CLASS = YES_ERROR;
				CLANG_WARN_UNREACHABLE_CODE = YES;
				CLANG_WARN__DUPLICATE_METHOD_MATCH = YES;
				"CODE_SIGN_IDENTITY[sdk=iphoneos*]" = "iPhone Developer";
				COPY_PHASE_STRIP = NO;
				DEBUG_INFORMATION_FORMAT = "dwarf-with-dsym";
				ENABLE_NS_ASSERTIONS = NO;
				ENABLE_STRICT_OBJC_MSGSEND = YES;
				GCC_C_LANGUAGE_STANDARD = gnu99;
				GCC_NO_COMMON_BLOCKS = YES;
				GCC_WARN_64_TO_32_BIT_CONVERSION = YES;
				GCC_WARN_ABOUT_RETURN_TYPE = YES_ERROR;
				GCC_WARN_UNDECLARED_SELECTOR = YES;
				GCC_WARN_UNINITIALIZED_AUTOS = YES_AGGRESSIVE;
				GCC_WARN_UNUSED_FUNCTION = YES;
				GCC_WARN_UNUSED_VARIABLE = YES;
				IPHONEOS_DEPLOYMENT_TARGET = 10.0;
				MTL_ENABLE_DEBUG_INFO = NO;
				SDKROOT = iphoneos;
				SWIFT_OPTIMIZATION_LEVEL = "-Owholemodule";
				TARGETED_DEVICE_FAMILY = "1,2";
				VALIDATE_PRODUCT = YES;
			};
			name = Release;
		};
		764078511D188FBD00320DF6 /* Debug */ = {
			isa = XCBuildConfiguration;
			buildSettings = {
				ASSETCATALOG_COMPILER_APPICON_NAME = AppIcon;
				INFOPLIST_FILE = SpeechTest/Info.plist;
				LD_RUNPATH_SEARCH_PATHS = "$(inherited) @executable_path/Frameworks";
				PRODUCT_BUNDLE_IDENTIFIER = com.sushiGrass.SpeechTest;
				PRODUCT_NAME = "$(TARGET_NAME)";
				SWIFT_VERSION = 3.0;
			};
			name = Debug;
		};
		764078521D188FBD00320DF6 /* Release */ = {
			isa = XCBuildConfiguration;
			buildSettings = {
				ASSETCATALOG_COMPILER_APPICON_NAME = AppIcon;
				INFOPLIST_FILE = SpeechTest/Info.plist;
				LD_RUNPATH_SEARCH_PATHS = "$(inherited) @executable_path/Frameworks";
				PRODUCT_BUNDLE_IDENTIFIER = com.sushiGrass.SpeechTest;
				PRODUCT_NAME = "$(TARGET_NAME)";
				SWIFT_VERSION = 3.0;
			};
			name = Release;
		};
/* End XCBuildConfiguration section */

/* Begin XCConfigurationList section */
		764078391D188FBD00320DF6 /* Build configuration list for PBXProject "SpeechTest" */ = {
			isa = XCConfigurationList;
			buildConfigurations = (
				7640784E1D188FBD00320DF6 /* Debug */,
				7640784F1D188FBD00320DF6 /* Release */,
			);
			defaultConfigurationIsVisible = 0;
			defaultConfigurationName = Release;
		};
		764078501D188FBD00320DF6 /* Build configuration list for PBXNativeTarget "SpeechTest" */ = {
			isa = XCConfigurationList;
			buildConfigurations = (
				764078511D188FBD00320DF6 /* Debug */,
				764078521D188FBD00320DF6 /* Release */,
			);
			defaultConfigurationIsVisible = 0;
			defaultConfigurationName = Release;
		};
/* End XCConfigurationList section */
	};
	rootObject = 764078361D188FBD00320DF6 /* Project object */;
}
